
Microsoft Visual Studio Solution File, Format Version 12.00
# Visual Studio 15
VisualStudioVersion = 15.0.28307.1300
MinimumVisualStudioVersion = 10.0.40219.1
Project("{FAE04EC0-301F-11D3-BF4B-00C04F79EFBC}") = "ConsoleApp1GIT", "ConsoleApp1GIT\ConsoleApp1GIT.csproj", "{224E5907-FA15-4950-8E4E-DF8453903A53}"
EndProject
Global
	GlobalSection(SolutionConfigurationPlatforms) = preSolution
		Debug|Any CPU = Debug|Any CPU
		Release|Any CPU = Release|Any CPU
	EndGlobalSection
	GlobalSection(ProjectConfigurationPlatforms) = postSolution
		{224E5907-FA15-4950-8E4E-DF8453903A53}.Debug|Any CPU.ActiveCfg = Debug|Any CPU
		{224E5907-FA15-4950-8E4E-DF8453903A53}.Debug|Any CPU.Build.0 = Debug|Any CPU
		{224E5907-FA15-4950-8E4E-DF8453903A53}.Release|Any CPU.ActiveCfg = Release|Any CPU
		{224E5907-FA15-4950-8E4E-DF8453903A53}.Release|Any CPU.Build.0 = Release|Any CPU
	EndGlobalSection
	GlobalSection(SolutionProperties) = preSolution
		HideSolutionNode = FALSE
	EndGlobalSection
	GlobalSection(ExtensibilityGlobals) = postSolution
		SolutionGuid = {8A22D9FB-1B75-4228-B731-7CDC0CAA81B3}
	EndGlobalSection
EndGlobal
